// !$*UTF8*$!
{
	archiveVersion = 1;
	classes = {
	};
	objectVersion = 46;
	objects = {

/* Begin PBXBuildFile section */
		EC5CEDDE198529E100135033 /* Foundation.framework in Frameworks */ = {isa = PBXBuildFile; fileRef = EC5CEDDD198529E100135033 /* Foundation.framework */; };
		EC5CEDE0198529E100135033 /* CoreGraphics.framework in Frameworks */ = {isa = PBXBuildFile; fileRef = EC5CEDDF198529E100135033 /* CoreGraphics.framework */; };
		EC5CEDE2198529E100135033 /* UIKit.framework in Frameworks */ = {isa = PBXBuildFile; fileRef = EC5CEDE1198529E100135033 /* UIKit.framework */; };
		EC5CEDE8198529E100135033 /* InfoPlist.strings in Resources */ = {isa = PBXBuildFile; fileRef = EC5CEDE6198529E100135033 /* InfoPlist.strings */; };
		EC5CEDEA198529E100135033 /* main.m in Sources */ = {isa = PBXBuildFile; fileRef = EC5CEDE9198529E100135033 /* main.m */; };
		EC5CEDEE198529E100135033 /* AppDelegate.m in Sources */ = {isa = PBXBuildFile; fileRef = EC5CEDED198529E100135033 /* AppDelegate.m */; };
		EC5CEDF0198529E100135033 /* Images.xcassets in Resources */ = {isa = PBXBuildFile; fileRef = EC5CEDEF198529E100135033 /* Images.xcassets */; };
		EC5CEDF7198529E100135033 /* XCTest.framework in Frameworks */ = {isa = PBXBuildFile; fileRef = EC5CEDF6198529E100135033 /* XCTest.framework */; };
		EC5CEDF8198529E100135033 /* Foundation.framework in Frameworks */ = {isa = PBXBuildFile; fileRef = EC5CEDDD198529E100135033 /* Foundation.framework */; };
		EC5CEDF9198529E100135033 /* UIKit.framework in Frameworks */ = {isa = PBXBuildFile; fileRef = EC5CEDE1198529E100135033 /* UIKit.framework */; };
		EC5CEE01198529E100135033 /* InfoPlist.strings in Resources */ = {isa = PBXBuildFile; fileRef = EC5CEDFF198529E100135033 /* InfoPlist.strings */; };
		EC5CEE03198529E100135033 /* BlogReaderTests.m in Sources */ = {isa = PBXBuildFile; fileRef = EC5CEE02198529E100135033 /* BlogReaderTests.m */; };
		EC5CEE0D19852AEA00135033 /* MainStoryboard.storyboard in Resources */ = {isa = PBXBuildFile; fileRef = EC5CEE0C19852AEA00135033 /* MainStoryboard.storyboard */; };
		EC5CEE101985C64D00135033 /* TableViewController.m in Sources */ = {isa = PBXBuildFile; fileRef = EC5CEE0F1985C64D00135033 /* TableViewController.m */; };
		EC5CEE1319868D3A00135033 /* BlogPost.m in Sources */ = {isa = PBXBuildFile; fileRef = EC5CEE1219868D3A00135033 /* BlogPost.m */; };
		EC8F5706198AE28800A215EA /* no-image.png in Resources */ = {isa = PBXBuildFile; fileRef = EC8F5705198AE28800A215EA /* no-image.png */; };
		EC8F574D198B09AE00A215EA /* WebViewController.m in Sources */ = {isa = PBXBuildFile; fileRef = EC8F574C198B09AE00A215EA /* WebViewController.m */; };
/* End PBXBuildFile section */

/* Begin PBXContainerItemProxy section */
		EC5CEDFA198529E100135033 /* PBXContainerItemProxy */ = {
			isa = PBXContainerItemProxy;
			containerPortal = EC5CEDD2198529E100135033 /* Project object */;
			proxyType = 1;
			remoteGlobalIDString = EC5CEDD9198529E100135033;
			remoteInfo = BlogReader;
		};
/* End PBXContainerItemProxy section */

/* Begin PBXFileReference section */
		EC5CEDDA198529E100135033 /* BlogReader.app */ = {isa = PBXFileReference; explicitFileType = wrapper.application; includeInIndex = 0; path = BlogReader.app; sourceTree = BUILT_PRODUCTS_DIR; };
		EC5CEDDD198529E100135033 /* Foundation.framework */ = {isa = PBXFileReference; lastKnownFileType = wrapper.framework; name = Foundation.framework; path = System/Library/Frameworks/Foundation.framework; sourceTree = SDKROOT; };
		EC5CEDDF198529E100135033 /* CoreGraphics.framework */ = {isa = PBXFileReference; lastKnownFileType = wrapper.framework; name = CoreGraphics.framework; path = System/Library/Frameworks/CoreGraphics.framework; sourceTree = SDKROOT; };
		EC5CEDE1198529E100135033 /* UIKit.framework */ = {isa = PBXFileReference; lastKnownFileType = wrapper.framework; name = UIKit.framework; path = System/Library/Frameworks/UIKit.framework; sourceTree = SDKROOT; };
		EC5CEDE5198529E100135033 /* BlogReader-Info.plist */ = {isa = PBXFileReference; lastKnownFileType = text.plist.xml; path = "BlogReader-Info.plist"; sourceTree = "<group>"; };
		EC5CEDE7198529E100135033 /* en */ = {isa = PBXFileReference; lastKnownFileType = text.plist.strings; name = en; path = en.lproj/InfoPlist.strings; sourceTree = "<group>"; };
		EC5CEDE9198529E100135033 /* main.m */ = {isa = PBXFileReference; lastKnownFileType = sourcecode.c.objc; path = main.m; sourceTree = "<group>"; };
		EC5CEDEB198529E100135033 /* BlogReader-Prefix.pch */ = {isa = PBXFileReference; lastKnownFileType = sourcecode.c.h; path = "BlogReader-Prefix.pch"; sourceTree = "<group>"; };
		EC5CEDEC198529E100135033 /* AppDelegate.h */ = {isa = PBXFileReference; lastKnownFileType = sourcecode.c.h; path = AppDelegate.h; sourceTree = "<group>"; };
		EC5CEDED198529E100135033 /* AppDelegate.m */ = {isa = PBXFileReference; lastKnownFileType = sourcecode.c.objc; path = AppDelegate.m; sourceTree = "<group>"; };
		EC5CEDEF198529E100135033 /* Images.xcassets */ = {isa = PBXFileReference; lastKnownFileType = folder.assetcatalog; path = Images.xcassets; sourceTree = "<group>"; };
		EC5CEDF5198529E100135033 /* BlogReaderTests.xctest */ = {isa = PBXFileReference; explicitFileType = wrapper.cfbundle; includeInIndex = 0; path = BlogReaderTests.xctest; sourceTree = BUILT_PRODUCTS_DIR; };
		EC5CEDF6198529E100135033 /* XCTest.framework */ = {isa = PBXFileReference; lastKnownFileType = wrapper.framework; name = XCTest.framework; path = Library/Frameworks/XCTest.framework; sourceTree = DEVELOPER_DIR; };
		EC5CEDFE198529E100135033 /* BlogReaderTests-Info.plist */ = {isa = PBXFileReference; lastKnownFileType = text.plist.xml; path = "BlogReaderTests-Info.plist"; sourceTree = "<group>"; };
		EC5CEE00198529E100135033 /* en */ = {isa = PBXFileReference; lastKnownFileType = text.plist.strings; name = en; path = en.lproj/InfoPlist.strings; sourceTree = "<group>"; };
		EC5CEE02198529E100135033 /* BlogReaderTests.m */ = {isa = PBXFileReference; lastKnownFileType = sourcecode.c.objc; path = BlogReaderTests.m; sourceTree = "<group>"; };
		EC5CEE0C19852AEA00135033 /* MainStoryboard.storyboard */ = {isa = PBXFileReference; fileEncoding = 4; lastKnownFileType = file.storyboard; path = MainStoryboard.storyboard; sourceTree = "<group>"; };
		EC5CEE0E1985C64D00135033 /* TableViewController.h */ = {isa = PBXFileReference; fileEncoding = 4; lastKnownFileType = sourcecode.c.h; path = TableViewController.h; sourceTree = "<group>"; };
		EC5CEE0F1985C64D00135033 /* TableViewController.m */ = {isa = PBXFileReference; fileEncoding = 4; lastKnownFileType = sourcecode.c.objc; path = TableViewController.m; sourceTree = "<group>"; };
		EC5CEE1119868D3A00135033 /* BlogPost.h */ = {isa = PBXFileReference; fileEncoding = 4; lastKnownFileType = sourcecode.c.h; path = BlogPost.h; sourceTree = "<group>"; };
		EC5CEE1219868D3A00135033 /* BlogPost.m */ = {isa = PBXFileReference; fileEncoding = 4; lastKnownFileType = sourcecode.c.objc; path = BlogPost.m; sourceTree = "<group>"; };
		EC8F5705198AE28800A215EA /* no-image.png */ = {isa = PBXFileReference; lastKnownFileType = image.png; path = "no-image.png"; sourceTree = "<group>"; };
		EC8F574B198B09AE00A215EA /* WebViewController.h */ = {isa = PBXFileReference; fileEncoding = 4; lastKnownFileType = sourcecode.c.h; name = WebViewController.h; path = ../WebViewController.h; sourceTree = "<group>"; };
		EC8F574C198B09AE00A215EA /* WebViewController.m */ = {isa = PBXFileReference; fileEncoding = 4; lastKnownFileType = sourcecode.c.objc; name = WebViewController.m; path = ../WebViewController.m; sourceTree = "<group>"; };
/* End PBXFileReference section */

/* Begin PBXFrameworksBuildPhase section */
		EC5CEDD7198529E100135033 /* Frameworks */ = {
			isa = PBXFrameworksBuildPhase;
			buildActionMask = 2147483647;
			files = (
				EC5CEDE0198529E100135033 /* CoreGraphics.framework in Frameworks */,
				EC5CEDE2198529E100135033 /* UIKit.framework in Frameworks */,
				EC5CEDDE198529E100135033 /* Foundation.framework in Frameworks */,
			);
			runOnlyForDeploymentPostprocessing = 0;
		};
		EC5CEDF2198529E100135033 /* Frameworks */ = {
			isa = PBXFrameworksBuildPhase;
			buildActionMask = 2147483647;
			files = (
				EC5CEDF7198529E100135033 /* XCTest.framework in Frameworks */,
				EC5CEDF9198529E100135033 /* UIKit.framework in Frameworks */,
				EC5CEDF8198529E100135033 /* Foundation.framework in Frameworks */,
			);
			runOnlyForDeploymentPostprocessing = 0;
		};
/* End PBXFrameworksBuildPhase section */

/* Begin PBXGroup section */
		EC5CEDD1198529E100135033 = {
			isa = PBXGroup;
			children = (
				EC5CEDE3198529E100135033 /* BlogReader */,
				EC5CEDFC198529E100135033 /* BlogReaderTests */,
				EC5CEDDC198529E100135033 /* Frameworks */,
				EC5CEDDB198529E100135033 /* Products */,
			);
			sourceTree = "<group>";
		};
		EC5CEDDB198529E100135033 /* Products */ = {
			isa = PBXGroup;
			children = (
				EC5CEDDA198529E100135033 /* BlogReader.app */,
				EC5CEDF5198529E100135033 /* BlogReaderTests.xctest */,
			);
			name = Products;
			sourceTree = "<group>";
		};
		EC5CEDDC198529E100135033 /* Frameworks */ = {
			isa = PBXGroup;
			children = (
				EC5CEDDD198529E100135033 /* Foundation.framework */,
				EC5CEDDF198529E100135033 /* CoreGraphics.framework */,
				EC5CEDE1198529E100135033 /* UIKit.framework */,
				EC5CEDF6198529E100135033 /* XCTest.framework */,
			);
			name = Frameworks;
			sourceTree = "<group>";
		};
		EC5CEDE3198529E100135033 /* BlogReader */ = {
			isa = PBXGroup;
			children = (
				EC8F574B198B09AE00A215EA /* WebViewController.h */,
				EC8F574C198B09AE00A215EA /* WebViewController.m */,
				EC5CEDEC198529E100135033 /* AppDelegate.h */,
				EC5CEE0E1985C64D00135033 /* TableViewController.h */,
				EC5CEE0F1985C64D00135033 /* TableViewController.m */,
				EC5CEE1119868D3A00135033 /* BlogPost.h */,
				EC5CEE1219868D3A00135033 /* BlogPost.m */,
				EC5CEDED198529E100135033 /* AppDelegate.m */,
				EC5CEDEF198529E100135033 /* Images.xcassets */,
				EC5CEDE4198529E100135033 /* Supporting Files */,
				EC5CEE0C19852AEA00135033 /* MainStoryboard.storyboard */,
			);
			path = BlogReader;
			sourceTree = "<group>";
		};
		EC5CEDE4198529E100135033 /* Supporting Files */ = {
			isa = PBXGroup;
			children = (
				EC5CEDE5198529E100135033 /* BlogReader-Info.plist */,
				EC5CEDE6198529E100135033 /* InfoPlist.strings */,
				EC8F5705198AE28800A215EA /* no-image.png */,
				EC5CEDE9198529E100135033 /* main.m */,
				EC5CEDEB198529E100135033 /* BlogReader-Prefix.pch */,
			);
			name = "Supporting Files";
			sourceTree = "<group>";
		};
		EC5CEDFC198529E100135033 /* BlogReaderTests */ = {
			isa = PBXGroup;
			children = (
				EC5CEE02198529E100135033 /* BlogReaderTests.m */,
				EC5CEDFD198529E100135033 /* Supporting Files */,
			);
			path = BlogReaderTests;
			sourceTree = "<group>";
		};
		EC5CEDFD198529E100135033 /* Supporting Files */ = {
			isa = PBXGroup;
			children = (
				EC5CEDFE198529E100135033 /* BlogReaderTests-Info.plist */,
				EC5CEDFF198529E100135033 /* InfoPlist.strings */,
			);
			name = "Supporting Files";
			sourceTree = "<group>";
		};
/* End PBXGroup section */

/* Begin PBXNativeTarget section */
		EC5CEDD9198529E100135033 /* BlogReader */ = {
			isa = PBXNativeTarget;
			buildConfigurationList = EC5CEE06198529E100135033 /* Build configuration list for PBXNativeTarget "BlogReader" */;
			buildPhases = (
				EC5CEDD6198529E100135033 /* Sources */,
				EC5CEDD7198529E100135033 /* Frameworks */,
				EC5CEDD8198529E100135033 /* Resources */,
			);
			buildRules = (
			);
			dependencies = (
			);
			name = BlogReader;
			productName = BlogReader;
			productReference = EC5CEDDA198529E100135033 /* BlogReader.app */;
			productType = "com.apple.product-type.application";
		};
		EC5CEDF4198529E100135033 /* BlogReaderTests */ = {
			isa = PBXNativeTarget;
			buildConfigurationList = EC5CEE09198529E100135033 /* Build configuration list for PBXNativeTarget "BlogReaderTests" */;
			buildPhases = (
				EC5CEDF1198529E100135033 /* Sources */,
				EC5CEDF2198529E100135033 /* Frameworks */,
				EC5CEDF3198529E100135033 /* Resources */,
			);
			buildRules = (
			);
			dependencies = (
				EC5CEDFB198529E100135033 /* PBXTargetDependency */,
			);
			name = BlogReaderTests;
			productName = BlogReaderTests;
			productReference = EC5CEDF5198529E100135033 /* BlogReaderTests.xctest */;
			productType = "com.apple.product-type.bundle.unit-test";
		};
/* End PBXNativeTarget section */

/* Begin PBXProject section */
		EC5CEDD2198529E100135033 /* Project object */ = {
			isa = PBXProject;
			attributes = {
				LastUpgradeCheck = 0510;
				ORGANIZATIONNAME = Ugo;
				TargetAttributes = {
					EC5CEDF4198529E100135033 = {
						TestTargetID = EC5CEDD9198529E100135033;
					};
				};
			};
			buildConfigurationList = EC5CEDD5198529E100135033 /* Build configuration list for PBXProject "BlogReader" */;
			compatibilityVersion = "Xcode 3.2";
			developmentRegion = English;
			hasScannedForEncodings = 0;
			knownRegions = (
				en,
			);
			mainGroup = EC5CEDD1198529E100135033;
			productRefGroup = EC5CEDDB198529E100135033 /* Products */;
			projectDirPath = "";
			projectRoot = "";
			targets = (
				EC5CEDD9198529E100135033 /* BlogReader */,
				EC5CEDF4198529E100135033 /* BlogReaderTests */,
			);
		};
/* End PBXProject section */

/* Begin PBXResourcesBuildPhase section */
		EC5CEDD8198529E100135033 /* Resources */ = {
			isa = PBXResourcesBuildPhase;
			buildActionMask = 2147483647;
			files = (
				EC8F5706198AE28800A215EA /* no-image.png in Resources */,
				EC5CEE0D19852AEA00135033 /* MainStoryboard.storyboard in Resources */,
				EC5CEDE8198529E100135033 /* InfoPlist.strings in Resources */,
				EC5CEDF0198529E100135033 /* Images.xcassets in Resources */,
			);
			runOnlyForDeploymentPostprocessing = 0;
		};
		EC5CEDF3198529E100135033 /* Resources */ = {
			isa = PBXResourcesBuildPhase;
			buildActionMask = 2147483647;
			files = (
				EC5CEE01198529E100135033 /* InfoPlist.strings in Resources */,
			);
			runOnlyForDeploymentPostprocessing = 0;
		};
/* End PBXResourcesBuildPhase section */

/* Begin PBXSourcesBuildPhase section */
		EC5CEDD6198529E100135033 /* Sources */ = {
			isa = PBXSourcesBuildPhase;
			buildActionMask = 2147483647;
			files = (
				EC5CEDEE198529E100135033 /* AppDelegate.m in Sources */,
				EC8F574D198B09AE00A215EA /* WebViewController.m in Sources */,
				EC5CEE101985C64D00135033 /* TableViewController.m in Sources */,
				EC5CEDEA198529E100135033 /* main.m in Sources */,
				EC5CEE1319868D3A00135033 /* BlogPost.m in Sources */,
			);
			runOnlyForDeploymentPostprocessing = 0;
		};
		EC5CEDF1198529E100135033 /* Sources */ = {
			isa = PBXSourcesBuildPhase;
			buildActionMask = 2147483647;
			files = (
				EC5CEE03198529E100135033 /* BlogReaderTests.m in Sources */,
			);
			runOnlyForDeploymentPostprocessing = 0;
		};
/* End PBXSourcesBuildPhase section */

/* Begin PBXTargetDependency section */
		EC5CEDFB198529E100135033 /* PBXTargetDependency */ = {
			isa = PBXTargetDependency;
			target = EC5CEDD9198529E100135033 /* BlogReader */;
			targetProxy = EC5CEDFA198529E100135033 /* PBXContainerItemProxy */;
		};
/* End PBXTargetDependency section */

/* Begin PBXVariantGroup section */
		EC5CEDE6198529E100135033 /* InfoPlist.strings */ = {
			isa = PBXVariantGroup;
			children = (
				EC5CEDE7198529E100135033 /* en */,
			);
			name = InfoPlist.strings;
			sourceTree = "<group>";
		};
		EC5CEDFF198529E100135033 /* InfoPlist.strings */ = {
			isa = PBXVariantGroup;
			children = (
				EC5CEE00198529E100135033 /* en */,
			);
			name = InfoPlist.strings;
			sourceTree = "<group>";
		};
/* End PBXVariantGroup section */

/* Begin XCBuildConfiguration section */
		EC5CEE04198529E100135033 /* Debug */ = {
			isa = XCBuildConfiguration;
			buildSettings = {
				ALWAYS_SEARCH_USER_PATHS = NO;
				CLANG_CXX_LANGUAGE_STANDARD = "gnu++0x";
				CLANG_CXX_LIBRARY = "libc++";
				CLANG_ENABLE_MODULES = YES;
				CLANG_ENABLE_OBJC_ARC = YES;
				CLANG_WARN_BOOL_CONVERSION = YES;
				CLANG_WARN_CONSTANT_CONVERSION = YES;
				CLANG_WARN_DIRECT_OBJC_ISA_USAGE = YES_ERROR;
				CLANG_WARN_EMPTY_BODY = YES;
				CLANG_WARN_ENUM_CONVERSION = YES;
				CLANG_WARN_INT_CONVERSION = YES;
				CLANG_WARN_OBJC_ROOT_CLASS = YES_ERROR;
				CLANG_WARN__DUPLICATE_METHOD_MATCH = YES;
				"CODE_SIGN_IDENTITY[sdk=iphoneos*]" = "iPhone Developer";
				COPY_PHASE_STRIP = NO;
				GCC_C_LANGUAGE_STANDARD = gnu99;
				GCC_DYNAMIC_NO_PIC = NO;
				GCC_OPTIMIZATION_LEVEL = 0;
				GCC_PREPROCESSOR_DEFINITIONS = (
					"DEBUG=1",
					"$(inherited)",
				);
				GCC_SYMBOLS_PRIVATE_EXTERN = NO;
				GCC_WARN_64_TO_32_BIT_CONVERSION = YES;
				GCC_WARN_ABOUT_RETURN_TYPE = YES_ERROR;
				GCC_WARN_UNDECLARED_SELECTOR = YES;
				GCC_WARN_UNINITIALIZED_AUTOS = YES_AGGRESSIVE;
				GCC_WARN_UNUSED_FUNCTION = YES;
				GCC_WARN_UNUSED_VARIABLE = YES;
				IPHONEOS_DEPLOYMENT_TARGET = 7.1;
				ONLY_ACTIVE_ARCH = YES;
				SDKROOT = iphoneos;
			};
			name = Debug;
		};
		EC5CEE05198529E100135033 /* Release */ = {
			isa = XCBuildConfiguration;
			buildSettings = {
				ALWAYS_SEARCH_USER_PATHS = NO;
				CLANG_CXX_LANGUAGE_STANDARD = "gnu++0x";
				CLANG_CXX_LIBRARY = "libc++";
				CLANG_ENABLE_MODULES = YES;
				CLANG_ENABLE_OBJC_ARC = YES;
				CLANG_WARN_BOOL_CONVERSION = YES;
				CLANG_WARN_CONSTANT_CONVERSION = YES;
				CLANG_WARN_DIRECT_OBJC_ISA_USAGE = YES_ERROR;
				CLANG_WARN_EMPTY_BODY = YES;
				CLANG_WARN_ENUM_CONVERSION = YES;
				CLANG_WARN_INT_CONVERSION = YES;
				CLANG_WARN_OBJC_ROOT_CLASS = YES_ERROR;
				CLANG_WARN__DUPLICATE_METHOD_MATCH = YES;
				"CODE_SIGN_IDENTITY[sdk=iphoneos*]" = "iPhone Developer";
				COPY_PHASE_STRIP = YES;
				ENABLE_NS_ASSERTIONS = NO;
				GCC_C_LANGUAGE_STANDARD = gnu99;
				GCC_WARN_64_TO_32_BIT_CONVERSION = YES;
				GCC_WARN_ABOUT_RETURN_TYPE = YES_ERROR;
				GCC_WARN_UNDECLARED_SELECTOR = YES;
				GCC_WARN_UNINITIALIZED_AUTOS = YES_AGGRESSIVE;
				GCC_WARN_UNUSED_FUNCTION = YES;
				GCC_WARN_UNUSED_VARIABLE = YES;
				IPHONEOS_DEPLOYMENT_TARGET = 7.1;
				SDKROOT = iphoneos;
				VALIDATE_PRODUCT = YES;
			};
			name = Release;
		};
		EC5CEE07198529E100135033 /* Debug */ = {
			isa = XCBuildConfiguration;
			buildSettings = {
				ASSETCATALOG_COMPILER_APPICON_NAME = AppIcon;
				ASSETCATALOG_COMPILER_LAUNCHIMAGE_NAME = LaunchImage;
				GCC_PRECOMPILE_PREFIX_HEADER = YES;
				GCC_PREFIX_HEADER = "BlogReader/BlogReader-Prefix.pch";
				INFOPLIST_FILE = "BlogReader/BlogReader-Info.plist";
				PRODUCT_NAME = "$(TARGET_NAME)";
				TARGETED_DEVICE_FAMILY = 1;
				WRAPPER_EXTENSION = app;
			};
			name = Debug;
		};
		EC5CEE08198529E100135033 /* Release */ = {
			isa = XCBuildConfiguration;
			buildSettings = {
				ASSETCATALOG_COMPILER_APPICON_NAME = AppIcon;
				ASSETCATALOG_COMPILER_LAUNCHIMAGE_NAME = LaunchImage;
				GCC_PRECOMPILE_PREFIX_HEADER = YES;
				GCC_PREFIX_HEADER = "BlogReader/BlogReader-Prefix.pch";
				INFOPLIST_FILE = "BlogReader/BlogReader-Info.plist";
				PRODUCT_NAME = "$(TARGET_NAME)";
				TARGETED_DEVICE_FAMILY = 1;
				WRAPPER_EXTENSION = app;
			};
			name = Release;
		};
		EC5CEE0A198529E100135033 /* Debug */ = {
			isa = XCBuildConfiguration;
			buildSettings = {
				BUNDLE_LOADER = "$(BUILT_PRODUCTS_DIR)/BlogReader.app/BlogReader";
				FRAMEWORK_SEARCH_PATHS = (
					"$(SDKROOT)/Developer/Library/Frameworks",
					"$(inherited)",
					"$(DEVELOPER_FRAMEWORKS_DIR)",
				);
				GCC_PRECOMPILE_PREFIX_HEADER = YES;
				GCC_PREFIX_HEADER = "BlogReader/BlogReader-Prefix.pch";
				GCC_PREPROCESSOR_DEFINITIONS = (
					"DEBUG=1",
					"$(inherited)",
				);
				INFOPLIST_FILE = "BlogReaderTests/BlogReaderTests-Info.plist";
				PRODUCT_NAME = "$(TARGET_NAME)";
				TEST_HOST = "$(BUNDLE_LOADER)";
				WRAPPER_EXTENSION = xctest;
			};
			name = Debug;
		};
		EC5CEE0B198529E100135033 /* Release */ = {
			isa = XCBuildConfiguration;
			buildSettings = {
				BUNDLE_LOADER = "$(BUILT_PRODUCTS_DIR)/BlogReader.app/BlogReader";
				FRAMEWORK_SEARCH_PATHS = (
					"$(SDKROOT)/Developer/Library/Frameworks",
					"$(inherited)",
					"$(DEVELOPER_FRAMEWORKS_DIR)",
				);
				GCC_PRECOMPILE_PREFIX_HEADER = YES;
				GCC_PREFIX_HEADER = "BlogReader/BlogReader-Prefix.pch";
				INFOPLIST_FILE = "BlogReaderTests/BlogReaderTests-Info.plist";
				PRODUCT_NAME = "$(TARGET_NAME)";
				TEST_HOST = "$(BUNDLE_LOADER)";
				WRAPPER_EXTENSION = xctest;
			};
			name = Release;
		};
/* End XCBuildConfiguration section */

/* Begin XCConfigurationList section */
		EC5CEDD5198529E100135033 /* Build configuration list for PBXProject "BlogReader" */ = {
			isa = XCConfigurationList;
			buildConfigurations = (
				EC5CEE04198529E100135033 /* Debug */,
				EC5CEE05198529E100135033 /* Release */,
			);
			defaultConfigurationIsVisible = 0;
			defaultConfigurationName = Release;
		};
		EC5CEE06198529E100135033 /* Build configuration list for PBXNativeTarget "BlogReader" */ = {
			isa = XCConfigurationList;
			buildConfigurations = (
				EC5CEE07198529E100135033 /* Debug */,
				EC5CEE08198529E100135033 /* Release */,
			);
			defaultConfigurationIsVisible = 0;
			defaultConfigurationName = Release;
		};
		EC5CEE09198529E100135033 /* Build configuration list for PBXNativeTarget "BlogReaderTests" */ = {
			isa = XCConfigurationList;
			buildConfigurations = (
				EC5CEE0A198529E100135033 /* Debug */,
				EC5CEE0B198529E100135033 /* Release */,
			);
			defaultConfigurationIsVisible = 0;
			defaultConfigurationName = Release;
		};
/* End XCConfigurationList section */
	};
	rootObject = EC5CEDD2198529E100135033 /* Project object */;
}
